
Microsoft Visual Studio Solution File, Format Version 12.00
# Visual Studio Version 17
VisualStudioVersion = 17.12.35323.107
MinimumVisualStudioVersion = 10.0.40219.1
Project("{FAE04EC0-301F-11D3-BF4B-00C04F79EFBC}") = "DSA_Scalar", "DSA_Sclar\DSA_Scalar.csproj", "{58A164EA-0604-4F9D-AEDF-A8F046F1D4B4}"
EndProject
Global
	GlobalSection(SolutionConfigurationPlatforms) = preSolution
		Debug|Any CPU = Debug|Any CPU
		Release|Any CPU = Release|Any CPU
	EndGlobalSection
	GlobalSection(ProjectConfigurationPlatforms) = postSolution
		{58A164EA-0604-4F9D-AEDF-A8F046F1D4B4}.Debug|Any CPU.ActiveCfg = Debug|Any CPU
		{58A164EA-0604-4F9D-AEDF-A8F046F1D4B4}.Debug|Any CPU.Build.0 = Debug|Any CPU
		{58A164EA-0604-4F9D-AEDF-A8F046F1D4B4}.Release|Any CPU.ActiveCfg = Release|Any CPU
		{58A164EA-0604-4F9D-AEDF-A8F046F1D4B4}.Release|Any CPU.Build.0 = Release|Any CPU
	EndGlobalSection
	GlobalSection(SolutionProperties) = preSolution
		HideSolutionNode = FALSE
	EndGlobalSection
	GlobalSection(ExtensibilityGlobals) = postSolution
		SolutionGuid = {6AA67671-DA5D-470E-AEAE-FAE424BA849D}
	EndGlobalSection
EndGlobal
